
Microsoft Visual Studio Solution File, Format Version 12.00
# Visual Studio 2015
Project("{FAE04EC0-301F-11D3-BF4B-00C04F79EFBC}") = "Sistema de combate por turnos Video.CSharp.Plugins", "Sistema de combate por turnos Video.CSharp.Plugins.csproj", "{7D255C5F-FFA6-7995-228E-29F460FF90E1}"
EndProject
Project("{FAE04EC0-301F-11D3-BF4B-00C04F79EFBC}") = "Sistema de combate por turnos Video.CSharp", "Sistema de combate por turnos Video.CSharp.csproj", "{C1B5EAED-5CDE-BA67-39C8-C563EEEC6DD4}"
EndProject
Project("{FAE04EC0-301F-11D3-BF4B-00C04F79EFBC}") = "Sistema de combate por turnos Video.CSharp.Editor.Plugins", "Sistema de combate por turnos Video.CSharp.Editor.Plugins.csproj", "{6426CFE5-3E8B-7630-56C6-227A61FC6C6C}"
EndProject
Global
	GlobalSection(SolutionConfigurationPlatforms) = preSolution
		Debug|Any CPU = Debug|Any CPU
		Release|Any CPU = Release|Any CPU
	EndGlobalSection
	GlobalSection(ProjectConfigurationPlatforms) = postSolution
		{7D255C5F-FFA6-7995-228E-29F460FF90E1}.Debug|Any CPU.ActiveCfg = Debug|Any CPU
		{7D255C5F-FFA6-7995-228E-29F460FF90E1}.Debug|Any CPU.Build.0 = Debug|Any CPU
		{7D255C5F-FFA6-7995-228E-29F460FF90E1}.Release|Any CPU.ActiveCfg = Release|Any CPU
		{7D255C5F-FFA6-7995-228E-29F460FF90E1}.Release|Any CPU.Build.0 = Release|Any CPU
		{C1B5EAED-5CDE-BA67-39C8-C563EEEC6DD4}.Debug|Any CPU.ActiveCfg = Debug|Any CPU
		{C1B5EAED-5CDE-BA67-39C8-C563EEEC6DD4}.Debug|Any CPU.Build.0 = Debug|Any CPU
		{C1B5EAED-5CDE-BA67-39C8-C563EEEC6DD4}.Release|Any CPU.ActiveCfg = Release|Any CPU
		{C1B5EAED-5CDE-BA67-39C8-C563EEEC6DD4}.Release|Any CPU.Build.0 = Release|Any CPU
		{6426CFE5-3E8B-7630-56C6-227A61FC6C6C}.Debug|Any CPU.ActiveCfg = Debug|Any CPU
		{6426CFE5-3E8B-7630-56C6-227A61FC6C6C}.Debug|Any CPU.Build.0 = Debug|Any CPU
		{6426CFE5-3E8B-7630-56C6-227A61FC6C6C}.Release|Any CPU.ActiveCfg = Release|Any CPU
		{6426CFE5-3E8B-7630-56C6-227A61FC6C6C}.Release|Any CPU.Build.0 = Release|Any CPU
	EndGlobalSection
	GlobalSection(SolutionProperties) = preSolution
		HideSolutionNode = FALSE
	EndGlobalSection
EndGlobal
